Microsoft Visual Studio Solution File, Format Version 11.00
# Visual Studio 2008

Project("{E54DA9F9-2A2C-71AD-7343-C8AFAD16637D}") = "GameProgrammminAssg1", "Assembly-CSharp.csproj", "{F3F3C7CE-2F9A-F653-11F8-6B67F257B9EA}"
EndProject
Global
	GlobalSection(SolutionConfigurationPlatforms) = preSolution
		Debug|Any CPU = Debug|Any CPU
		Release|Any CPU = Release|Any CPU
	EndGlobalSection
	GlobalSection(ProjectConfigurationPlatforms) = postSolution
		{F3F3C7CE-2F9A-F653-11F8-6B67F257B9EA}.Debug|Any CPU.ActiveCfg = Debug|Any CPU
		{F3F3C7CE-2F9A-F653-11F8-6B67F257B9EA}.Debug|Any CPU.Build.0 = Debug|Any CPU
		{F3F3C7CE-2F9A-F653-11F8-6B67F257B9EA}.Release|Any CPU.ActiveCfg = Release|Any CPU
		{F3F3C7CE-2F9A-F653-11F8-6B67F257B9EA}.Release|Any CPU.Build.0 = Release|Any CPU
	EndGlobalSection
	GlobalSection(SolutionProperties) = preSolution
		HideSolutionNode = FALSE
	EndGlobalSection
	GlobalSection(MonoDevelopProperties) = preSolution
		StartupItem = Assembly-CSharp.csproj
	EndGlobalSection
EndGlobal
